<?xml version="1.0" encoding="utf-8"?>
<Project ToolsVersion="4.0" xmlns="http://schemas.microsoft.com/developer/msbuild/2003">
  <ItemGroup>
    <Filter Include="include">
      <UniqueIdentifier>{a7b3d290-9ed6-4c1f-b1b8-644b7f2a4572}</UniqueIdentifier>
    </Filter>
    <Filter Include="source">
      <UniqueIdentifier>{484cdf41-5bd7-456f-b21f-f0e3d70d3614}</UniqueIdentifier>
    </Filter>
    <Filter Include="lib">
      <UniqueIdentifier>{c1e2842f-fd9c-4975-824e-e02469cfffe0}</UniqueIdentifier>
    </Filter>
  </ItemGroup>
  <ItemGroup>
    <ClCompile Include="source\Actor.cpp">
      <Filter>source</Filter>
    </ClCompile>
    <ClCompile Include="source\Agent.cpp">
      <Filter>source</Filter>
    </ClCompile>
    <ClCompile Include="source\Coin.cpp">
      <Filter>source</Filter>
    </ClCompile>
    <ClCompile Include="source\Pawn.cpp">
      <Filter>source</Filter>
    </ClCompile>
    <ClCompile Include="source\SoundManager.cpp">
      <Filter>source</Filter>
    </ClCompile>
    <ClCompile Include="source\Vertex.cpp">
      <Filter>source</Filter>
    </ClCompile>
    <ClCompile Include="source\World.cpp">
      <Filter>source</Filter>
    </ClCompile>
    <ClCompile Include="source\WorldObject.cpp">
      <Filter>source</Filter>
    </ClCompile>
    <ClCompile Include="source\Main.cpp" />
  </ItemGroup>
  <ItemGroup>
    <ClInclude Include="include\Actor.hpp">
      <Filter>include</Filter>
    </ClInclude>
    <ClInclude Include="include\Agent.hpp">
      <Filter>include</Filter>
    </ClInclude>
    <ClInclude Include="include\Coin.hpp">
      <Filter>include</Filter>
    </ClInclude>
    <ClInclude Include="include\Pawn.hpp">
      <Filter>include</Filter>
    </ClInclude>
    <ClInclude Include="include\SoundManager.hpp">
      <Filter>include</Filter>
    </ClInclude>
    <ClInclude Include="include\Tools.hpp">
      <Filter>include</Filter>
    </ClInclude>
    <ClInclude Include="include\Vertex.hpp">
      <Filter>include</Filter>
    </ClInclude>
    <ClInclude Include="include\World.hpp">
      <Filter>include</Filter>
    </ClInclude>
    <ClInclude Include="include\WorldObject.hpp">
      <Filter>include</Filter>
    </ClInclude>
  </ItemGroup>
  <ItemGroup>
    <Library Include="lib\fmod_vc.lib">
      <Filter>lib</Filter>
    </Library>
  </ItemGroup>
</Project>